// !$*UTF8*$!
{
	archiveVersion = 1;
	classes = {
	};
	objectVersion = 50;
	objects = {

/* Begin PBXBuildFile section */
		0DF3653B41A78DBA0C16B734 /* Pods_UselessNetwork.framework in Frameworks */ = {isa = PBXBuildFile; fileRef = 8D1FF8E6D7FFD9B33480F24C /* Pods_UselessNetwork.framework */; };
		BBDCEFEE25D2A651009DF09F /* UselessNetwork.h in Headers */ = {isa = PBXBuildFile; fileRef = BBDCEFEC25D2A651009DF09F /* UselessNetwork.h */; settings = {ATTRIBUTES = (Public, ); }; };
		BBDCEFFA25D2A743009DF09F /* ImageExtention.swift in Sources */ = {isa = PBXBuildFile; fileRef = BBDCEFF925D2A743009DF09F /* ImageExtention.swift */; };
/* End PBXBuildFile section */

/* Begin PBXFileReference section */
		8D1FF8E6D7FFD9B33480F24C /* Pods_UselessNetwork.framework */ = {isa = PBXFileReference; explicitFileType = wrapper.framework; includeInIndex = 0; path = Pods_UselessNetwork.framework; sourceTree = BUILT_PRODUCTS_DIR; };
		94ADF09E6136D9FD7FD086FF /* Pods-UselessNetwork.release.xcconfig */ = {isa = PBXFileReference; includeInIndex = 1; lastKnownFileType = text.xcconfig; name = "Pods-UselessNetwork.release.xcconfig"; path = "Target Support Files/Pods-UselessNetwork/Pods-UselessNetwork.release.xcconfig"; sourceTree = "<group>"; };
		BBDCEFE925D2A651009DF09F /* UselessNetwork.framework */ = {isa = PBXFileReference; explicitFileType = wrapper.framework; includeInIndex = 0; path = UselessNetwork.framework; sourceTree = BUILT_PRODUCTS_DIR; };
		BBDCEFEC25D2A651009DF09F /* UselessNetwork.h */ = {isa = PBXFileReference; lastKnownFileType = sourcecode.c.h; path = UselessNetwork.h; sourceTree = "<group>"; };
		BBDCEFED25D2A651009DF09F /* Info.plist */ = {isa = PBXFileReference; lastKnownFileType = text.plist.xml; path = Info.plist; sourceTree = "<group>"; };
		BBDCEFF925D2A743009DF09F /* ImageExtention.swift */ = {isa = PBXFileReference; lastKnownFileType = sourcecode.swift; path = ImageExtention.swift; sourceTree = "<group>"; };
		FEE40978A8302DA4F259413B /* Pods-UselessNetwork.debug.xcconfig */ = {isa = PBXFileReference; includeInIndex = 1; lastKnownFileType = text.xcconfig; name = "Pods-UselessNetwork.debug.xcconfig"; path = "Target Support Files/Pods-UselessNetwork/Pods-UselessNetwork.debug.xcconfig"; sourceTree = "<group>"; };
/* End PBXFileReference section */

/* Begin PBXFrameworksBuildPhase section */
		BBDCEFE625D2A651009DF09F /* Frameworks */ = {
			isa = PBXFrameworksBuildPhase;
			buildActionMask = 2147483647;
			files = (
				0DF3653B41A78DBA0C16B734 /* Pods_UselessNetwork.framework in Frameworks */,
			);
			runOnlyForDeploymentPostprocessing = 0;
		};
/* End PBXFrameworksBuildPhase section */

/* Begin PBXGroup section */
		010BE0ACAB35747028DF10EF /* Pods */ = {
			isa = PBXGroup;
			children = (
				FEE40978A8302DA4F259413B /* Pods-UselessNetwork.debug.xcconfig */,
				94ADF09E6136D9FD7FD086FF /* Pods-UselessNetwork.release.xcconfig */,
			);
			path = Pods;
			sourceTree = "<group>";
		};
		BBDCEFDF25D2A651009DF09F = {
			isa = PBXGroup;
			children = (
				BBDCEFEB25D2A651009DF09F /* UselessNetwork */,
				BBDCEFEA25D2A651009DF09F /* Products */,
				010BE0ACAB35747028DF10EF /* Pods */,
				BFE339A1FE3CD0DC0D01D136 /* Frameworks */,
			);
			sourceTree = "<group>";
		};
		BBDCEFEA25D2A651009DF09F /* Products */ = {
			isa = PBXGroup;
			children = (
				BBDCEFE925D2A651009DF09F /* UselessNetwork.framework */,
			);
			name = Products;
			sourceTree = "<group>";
		};
		BBDCEFEB25D2A651009DF09F /* UselessNetwork */ = {
			isa = PBXGroup;
			children = (
				BBDCF00225D2AAD1009DF09F /* Classes */,
				BBDCEFEC25D2A651009DF09F /* UselessNetwork.h */,
				BBDCEFED25D2A651009DF09F /* Info.plist */,
			);
			path = UselessNetwork;
			sourceTree = "<group>";
		};
		BBDCF00225D2AAD1009DF09F /* Classes */ = {
			isa = PBXGroup;
			children = (
				BBDCEFF925D2A743009DF09F /* ImageExtention.swift */,
			);
			path = Classes;
			sourceTree = "<group>";
		};
		BFE339A1FE3CD0DC0D01D136 /* Frameworks */ = {
			isa = PBXGroup;
			children = (
				8D1FF8E6D7FFD9B33480F24C /* Pods_UselessNetwork.framework */,
			);
			name = Frameworks;
			sourceTree = "<group>";
		};
/* End PBXGroup section */

/* Begin PBXHeadersBuildPhase section */
		BBDCEFE425D2A651009DF09F /* Headers */ = {
			isa = PBXHeadersBuildPhase;
			buildActionMask = 2147483647;
			files = (
				BBDCEFEE25D2A651009DF09F /* UselessNetwork.h in Headers */,
			);
			runOnlyForDeploymentPostprocessing = 0;
		};
/* End PBXHeadersBuildPhase section */

/* Begin PBXNativeTarget section */
		BBDCEFE825D2A651009DF09F /* UselessNetwork */ = {
			isa = PBXNativeTarget;
			buildConfigurationList = BBDCEFF125D2A651009DF09F /* Build configuration list for PBXNativeTarget "UselessNetwork" */;
			buildPhases = (
				7234D19E5BD157E91F9FED9F /* [CP] Check Pods Manifest.lock */,
				BBDCEFE425D2A651009DF09F /* Headers */,
				BBDCEFE525D2A651009DF09F /* Sources */,
				BBDCEFE625D2A651009DF09F /* Frameworks */,
				BBDCEFE725D2A651009DF09F /* Resources */,
			);
			buildRules = (
			);
			dependencies = (
			);
			name = UselessNetwork;
			productName = UselessNetwork;
			productReference = BBDCEFE925D2A651009DF09F /* UselessNetwork.framework */;
			productType = "com.apple.product-type.framework";
		};
/* End PBXNativeTarget section */

/* Begin PBXProject section */
		BBDCEFE025D2A651009DF09F /* Project object */ = {
			isa = PBXProject;
			attributes = {
				LastUpgradeCheck = 1230;
				TargetAttributes = {
					BBDCEFE825D2A651009DF09F = {
						CreatedOnToolsVersion = 12.3;
						LastSwiftMigration = 1230;
					};
				};
			};
			buildConfigurationList = BBDCEFE325D2A651009DF09F /* Build configuration list for PBXProject "UselessNetwork" */;
			compatibilityVersion = "Xcode 9.3";
			developmentRegion = en;
			hasScannedForEncodings = 0;
			knownRegions = (
				en,
				Base,
			);
			mainGroup = BBDCEFDF25D2A651009DF09F;
			productRefGroup = BBDCEFEA25D2A651009DF09F /* Products */;
			projectDirPath = "";
			projectRoot = "";
			targets = (
				BBDCEFE825D2A651009DF09F /* UselessNetwork */,
			);
		};
/* End PBXProject section */

/* Begin PBXResourcesBuildPhase section */
		BBDCEFE725D2A651009DF09F /* Resources */ = {
			isa = PBXResourcesBuildPhase;
			buildActionMask = 2147483647;
			files = (
			);
			runOnlyForDeploymentPostprocessing = 0;
		};
/* End PBXResourcesBuildPhase section */

/* Begin PBXShellScriptBuildPhase section */
		7234D19E5BD157E91F9FED9F /* [CP] Check Pods Manifest.lock */ = {
			isa = PBXShellScriptBuildPhase;
			buildActionMask = 2147483647;
			files = (
			);
			inputFileListPaths = (
			);
			inputPaths = (
				"${PODS_PODFILE_DIR_PATH}/Podfile.lock",
				"${PODS_ROOT}/Manifest.lock",
			);
			name = "[CP] Check Pods Manifest.lock";
			outputFileListPaths = (
			);
			outputPaths = (
				"$(DERIVED_FILE_DIR)/Pods-UselessNetwork-checkManifestLockResult.txt",
			);
			runOnlyForDeploymentPostprocessing = 0;
			shellPath = /bin/sh;
			shellScript = "diff \"${PODS_PODFILE_DIR_PATH}/Podfile.lock\" \"${PODS_ROOT}/Manifest.lock\" > /dev/null\nif [ $? != 0 ] ; then\n    # print error to STDERR\n    echo \"error: The sandbox is not in sync with the Podfile.lock. Run 'pod install' or update your CocoaPods installation.\" >&2\n    exit 1\nfi\n# This output is used by Xcode 'outputs' to avoid re-running this script phase.\necho \"SUCCESS\" > \"${SCRIPT_OUTPUT_FILE_0}\"\n";
			showEnvVarsInLog = 0;
		};
/* End PBXShellScriptBuildPhase section */

/* Begin PBXSourcesBuildPhase section */
		BBDCEFE525D2A651009DF09F /* Sources */ = {
			isa = PBXSourcesBuildPhase;
			buildActionMask = 2147483647;
			files = (
				BBDCEFFA25D2A743009DF09F /* ImageExtention.swift in Sources */,
			);
			runOnlyForDeploymentPostprocessing = 0;
		};
/* End PBXSourcesBuildPhase section */

/* Begin XCBuildConfiguration section */
		BBDCEFEF25D2A651009DF09F /* Debug */ = {
			isa = XCBuildConfiguration;
			buildSettings = {
				ALWAYS_SEARCH_USER_PATHS = NO;
				CLANG_ANALYZER_NONNULL = YES;
				CLANG_ANALYZER_NUMBER_OBJECT_CONVERSION = YES_AGGRESSIVE;
				CLANG_CXX_LANGUAGE_STANDARD = "gnu++14";
				CLANG_CXX_LIBRARY = "libc++";
				CLANG_ENABLE_MODULES = YES;
				CLANG_ENABLE_OBJC_ARC = YES;
				CLANG_ENABLE_OBJC_WEAK = YES;
				CLANG_WARN_BLOCK_CAPTURE_AUTORELEASING = YES;
				CLANG_WARN_BOOL_CONVERSION = YES;
				CLANG_WARN_COMMA = YES;
				CLANG_WARN_CONSTANT_CONVERSION = YES;
				CLANG_WARN_DEPRECATED_OBJC_IMPLEMENTATIONS = YES;
				CLANG_WARN_DIRECT_OBJC_ISA_USAGE = YES_ERROR;
				CLANG_WARN_DOCUMENTATION_COMMENTS = YES;
				CLANG_WARN_EMPTY_BODY = YES;
				CLANG_WARN_ENUM_CONVERSION = YES;
				CLANG_WARN_INFINITE_RECURSION = YES;
				CLANG_WARN_INT_CONVERSION = YES;
				CLANG_WARN_NON_LITERAL_NULL_CONVERSION = YES;
				CLANG_WARN_OBJC_IMPLICIT_RETAIN_SELF = YES;
				CLANG_WARN_OBJC_LITERAL_CONVERSION = YES;
				CLANG_WARN_OBJC_ROOT_CLASS = YES_ERROR;
				CLANG_WARN_QUOTED_INCLUDE_IN_FRAMEWORK_HEADER = YES;
				CLANG_WARN_RANGE_LOOP_ANALYSIS = YES;
				CLANG_WARN_STRICT_PROTOTYPES = YES;
				CLANG_WARN_SUSPICIOUS_MOVE = YES;
				CLANG_WARN_UNGUARDED_AVAILABILITY = YES_AGGRESSIVE;
				CLANG_WARN_UNREACHABLE_CODE = YES;
				CLANG_WARN__DUPLICATE_METHOD_MATCH = YES;
				COPY_PHASE_STRIP = NO;
				CURRENT_PROJECT_VERSION = 1;
				DEBUG_INFORMATION_FORMAT = dwarf;
				ENABLE_STRICT_OBJC_MSGSEND = YES;
				ENABLE_TESTABILITY = YES;
				GCC_C_LANGUAGE_STANDARD = gnu11;
				GCC_DYNAMIC_NO_PIC = NO;
				GCC_NO_COMMON_BLOCKS = YES;
				GCC_OPTIMIZATION_LEVEL = 0;
				GCC_PREPROCESSOR_DEFINITIONS = (
					"DEBUG=1",
					"$(inherited)",
				);
				GCC_WARN_64_TO_32_BIT_CONVERSION = YES;
				GCC_WARN_ABOUT_RETURN_TYPE = YES_ERROR;
				GCC_WARN_UNDECLARED_SELECTOR = YES;
				GCC_WARN_UNINITIALIZED_AUTOS = YES_AGGRESSIVE;
				GCC_WARN_UNUSED_FUNCTION = YES;
				GCC_WARN_UNUSED_VARIABLE = YES;
				IPHONEOS_DEPLOYMENT_TARGET = 14.3;
				MTL_ENABLE_DEBUG_INFO = INCLUDE_SOURCE;
				MTL_FAST_MATH = YES;
				ONLY_ACTIVE_ARCH = YES;
				SDKROOT = iphoneos;
				SWIFT_ACTIVE_COMPILATION_CONDITIONS = DEBUG;
				SWIFT_OPTIMIZATION_LEVEL = "-Onone";
				VERSIONING_SYSTEM = "apple-generic";
				VERSION_INFO_PREFIX = "";
			};
			name = Debug;
		};
		BBDCEFF025D2A651009DF09F /* Release */ = {
			isa = XCBuildConfiguration;
			buildSettings = {
				ALWAYS_SEARCH_USER_PATHS = NO;
				CLANG_ANALYZER_NONNULL = YES;
				CLANG_ANALYZER_NUMBER_OBJECT_CONVERSION = YES_AGGRESSIVE;
				CLANG_CXX_LANGUAGE_STANDARD = "gnu++14";
				CLANG_CXX_LIBRARY = "libc++";
				CLANG_ENABLE_MODULES = YES;
				CLANG_ENABLE_OBJC_ARC = YES;
				CLANG_ENABLE_OBJC_WEAK = YES;
				CLANG_WARN_BLOCK_CAPTURE_AUTORELEASING = YES;
				CLANG_WARN_BOOL_CONVERSION = YES;
				CLANG_WARN_COMMA = YES;
				CLANG_WARN_CONSTANT_CONVERSION = YES;
				CLANG_WARN_DEPRECATED_OBJC_IMPLEMENTATIONS = YES;
				CLANG_WARN_DIRECT_OBJC_ISA_USAGE = YES_ERROR;
				CLANG_WARN_DOCUMENTATION_COMMENTS = YES;
				CLANG_WARN_EMPTY_BODY = YES;
				CLANG_WARN_ENUM_CONVERSION = YES;
				CLANG_WARN_INFINITE_RECURSION = YES;
				CLANG_WARN_INT_CONVERSION = YES;
				CLANG_WARN_NON_LITERAL_NULL_CONVERSION = YES;
				CLANG_WARN_OBJC_IMPLICIT_RETAIN_SELF = YES;
				CLANG_WARN_OBJC_LITERAL_CONVERSION = YES;
				CLANG_WARN_OBJC_ROOT_CLASS = YES_ERROR;
				CLANG_WARN_QUOTED_INCLUDE_IN_FRAMEWORK_HEADER = YES;
				CLANG_WARN_RANGE_LOOP_ANALYSIS = YES;
				CLANG_WARN_STRICT_PROTOTYPES = YES;
				CLANG_WARN_SUSPICIOUS_MOVE = YES;
				CLANG_WARN_UNGUARDED_AVAILABILITY = YES_AGGRESSIVE;
				CLANG_WARN_UNREACHABLE_CODE = YES;
				CLANG_WARN__DUPLICATE_METHOD_MATCH = YES;
				COPY_PHASE_STRIP = NO;
				CURRENT_PROJECT_VERSION = 1;
				DEBUG_INFORMATION_FORMAT = "dwarf-with-dsym";
				ENABLE_NS_ASSERTIONS = NO;
				ENABLE_STRICT_OBJC_MSGSEND = YES;
				GCC_C_LANGUAGE_STANDARD = gnu11;
				GCC_NO_COMMON_BLOCKS = YES;
				GCC_WARN_64_TO_32_BIT_CONVERSION = YES;
				GCC_WARN_ABOUT_RETURN_TYPE = YES_ERROR;
				GCC_WARN_UNDECLARED_SELECTOR = YES;
				GCC_WARN_UNINITIALIZED_AUTOS = YES_AGGRESSIVE;
				GCC_WARN_UNUSED_FUNCTION = YES;
				GCC_WARN_UNUSED_VARIABLE = YES;
				IPHONEOS_DEPLOYMENT_TARGET = 14.3;
				MTL_ENABLE_DEBUG_INFO = NO;
				MTL_FAST_MATH = YES;
				SDKROOT = iphoneos;
				SWIFT_COMPILATION_MODE = wholemodule;
				SWIFT_OPTIMIZATION_LEVEL = "-O";
				VALIDATE_PRODUCT = YES;
				VERSIONING_SYSTEM = "apple-generic";
				VERSION_INFO_PREFIX = "";
			};
			name = Release;
		};
		BBDCEFF225D2A651009DF09F /* Debug */ = {
			isa = XCBuildConfiguration;
			baseConfigurationReference = FEE40978A8302DA4F259413B /* Pods-UselessNetwork.debug.xcconfig */;
			buildSettings = {
				CLANG_ENABLE_MODULES = YES;
				CODE_SIGN_STYLE = Automatic;
				DEFINES_MODULE = YES;
				DYLIB_COMPATIBILITY_VERSION = 1;
				DYLIB_CURRENT_VERSION = 1;
				DYLIB_INSTALL_NAME_BASE = "@rpath";
				INFOPLIST_FILE = UselessNetwork/Info.plist;
				INSTALL_PATH = "$(LOCAL_LIBRARY_DIR)/Frameworks";
				LD_RUNPATH_SEARCH_PATHS = (
					"$(inherited)",
					"@executable_path/Frameworks",
					"@loader_path/Frameworks",
				);
				PRODUCT_BUNDLE_IDENTIFIER = "ysamak17-gmail.com.UselessNetwork";
				PRODUCT_NAME = "$(TARGET_NAME:c99extidentifier)";
				SKIP_INSTALL = YES;
				SWIFT_OPTIMIZATION_LEVEL = "-Onone";
				SWIFT_VERSION = 5.0;
				TARGETED_DEVICE_FAMILY = "1,2";
			};
			name = Debug;
		};
		BBDCEFF325D2A651009DF09F /* Release */ = {
			isa = XCBuildConfiguration;
			baseConfigurationReference = 94ADF09E6136D9FD7FD086FF /* Pods-UselessNetwork.release.xcconfig */;
			buildSettings = {
				CLANG_ENABLE_MODULES = YES;
				CODE_SIGN_STYLE = Automatic;
				DEFINES_MODULE = YES;
				DYLIB_COMPATIBILITY_VERSION = 1;
				DYLIB_CURRENT_VERSION = 1;
				DYLIB_INSTALL_NAME_BASE = "@rpath";
				INFOPLIST_FILE = UselessNetwork/Info.plist;
				INSTALL_PATH = "$(LOCAL_LIBRARY_DIR)/Frameworks";
				LD_RUNPATH_SEARCH_PATHS = (
					"$(inherited)",
					"@executable_path/Frameworks",
					"@loader_path/Frameworks",
				);
				PRODUCT_BUNDLE_IDENTIFIER = "ysamak17-gmail.com.UselessNetwork";
				PRODUCT_NAME = "$(TARGET_NAME:c99extidentifier)";
				SKIP_INSTALL = YES;
				SWIFT_VERSION = 5.0;
				TARGETED_DEVICE_FAMILY = "1,2";
			};
			name = Release;
		};
/* End XCBuildConfiguration section */

/* Begin XCConfigurationList section */
		BBDCEFE325D2A651009DF09F /* Build configuration list for PBXProject "UselessNetwork" */ = {
			isa = XCConfigurationList;
			buildConfigurations = (
				BBDCEFEF25D2A651009DF09F /* Debug */,
				BBDCEFF025D2A651009DF09F /* Release */,
			);
			defaultConfigurationIsVisible = 0;
			defaultConfigurationName = Release;
		};
		BBDCEFF125D2A651009DF09F /* Build configuration list for PBXNativeTarget "UselessNetwork" */ = {
			isa = XCConfigurationList;
			buildConfigurations = (
				BBDCEFF225D2A651009DF09F /* Debug */,
				BBDCEFF325D2A651009DF09F /* Release */,
			);
			defaultConfigurationIsVisible = 0;
			defaultConfigurationName = Release;
		};
/* End XCConfigurationList section */
	};
	rootObject = BBDCEFE025D2A651009DF09F /* Project object */;
}
